{
  "name": "readme-demo-plugin",
  "lockfileVersion": 3,
  "requires": true,
  "packages": {
    "": {
      "name": "readme-demo-plugin",
      "dependencies": {
        "@project-gauntlet/api": "0.6.0",
        "@project-gauntlet/deno": "0.6.0",
        "gameoflife.js": "^1.0.4"
      },
      "devDependencies": {
        "@project-gauntlet/tools": "0.6.0",
        "@types/react": "^18.2.48",
        "typescript": "^5.3.3"
      }
    },
    "../gauntlet/js/api": {
      "name": "@project-gauntlet/api",
      "version": "0.6.0",
      "devDependencies": {
        "@project-gauntlet/typings": "*",
        "typescript": "^5.3.3"
      }
    },
    "../tools": {
      "name": "@project-gauntlet/tools",
      "version": "0.6.0",
      "dev": true,
      "dependencies": {
        "@grpc/grpc-js": "^1.11.1",
        "@grpc/proto-loader": "^0.7.13",
        "@rollup/plugin-commonjs": "^26.0.1",
        "@rollup/plugin-json": "^6.1.0",
        "@rollup/plugin-node-resolve": "^15.2.3",
        "chalk": "^5.3.0",
        "commander": "^12.1.0",
        "rollup": "^4.19.0",
        "rollup-plugin-cleandir": "^2.0.0",
        "rollup-plugin-typescript2": "^0.36.0",
        "simple-git": "^3.25.0",
        "tail": "^2.2.6",
        "toml": "^3.0.0",
        "tslib": "^2.6.3",
        "typescript": "^5.2.2",
        "zod": "^3.23.8",
        "zod-validation-error": "^3.3.0"
      },
      "bin": {
        "gauntlet": "bin/main.js"
      },
      "devDependencies": {
        "@types/node": "^18.17.1",
        "@types/tail": "^2.2.3",
        "workspace-root": "^3.2.0"
      }
    },
    "node_modules/@project-gauntlet/api": {
      "resolved": "../gauntlet/js/api",
      "link": true
    },
    "node_modules/@project-gauntlet/deno": {
      "version": "0.6.0",
      "resolved": "https://registry.npmjs.org/@project-gauntlet/deno/-/deno-0.6.0.tgz",
      "integrity": "sha512-ur8SHeRkVPS4LciLocWfY9FpzVGzWzX+ttoKDYkitcUep13AiyzMWpXYTN2OnpI8PJOhQosbfLeNaTE6O65nmQ=="
    },
    "node_modules/@project-gauntlet/tools": {
      "resolved": "../tools",
      "link": true
    },
    "node_modules/@types/prop-types": {
      "version": "15.7.11",
      "dev": true,
      "license": "MIT"
    },
    "node_modules/@types/react": {
      "version": "18.2.48",
      "dev": true,
      "license": "MIT",
      "dependencies": {
        "@types/prop-types": "*",
        "@types/scheduler": "*",
        "csstype": "^3.0.2"
      }
    },
    "node_modules/@types/scheduler": {
      "version": "0.16.8",
      "dev": true,
      "license": "MIT"
    },
    "node_modules/csstype": {
      "version": "3.1.3",
      "dev": true,
      "license": "MIT"
    },
    "node_modules/gameoflife.js": {
      "version": "1.0.4",
      "license": "MIT"
    },
    "node_modules/typescript": {
      "version": "5.3.3",
      "dev": true,
      "license": "Apache-2.0",
      "bin": {
        "tsc": "bin/tsc",
        "tsserver": "bin/tsserver"
      },
      "engines": {
        "node": ">=14.17"
      }
    }
  }
}
